
Microsoft Visual Studio Solution File, Format Version 12.00
# Visual Studio Version 17
VisualStudioVersion = 17.8.34511.84
MinimumVisualStudioVersion = 10.0.40219.1
Project("{FAE04EC0-301F-11D3-BF4B-00C04F79EFBC}") = "EmployeePayroll", "EmployeePayroll.csproj", "{60F8209D-DD9C-48F5-972C-1DA090A1BCA1}"
EndProject
Global
	GlobalSection(SolutionConfigurationPlatforms) = preSolution
		Debug|Any CPU = Debug|Any CPU
		Release|Any CPU = Release|Any CPU
	EndGlobalSection
	GlobalSection(ProjectConfigurationPlatforms) = postSolution
		{60F8209D-DD9C-48F5-972C-1DA090A1BCA1}.Debug|Any CPU.ActiveCfg = Debug|Any CPU
		{60F8209D-DD9C-48F5-972C-1DA090A1BCA1}.Debug|Any CPU.Build.0 = Debug|Any CPU
		{60F8209D-DD9C-48F5-972C-1DA090A1BCA1}.Release|Any CPU.ActiveCfg = Release|Any CPU
		{60F8209D-DD9C-48F5-972C-1DA090A1BCA1}.Release|Any CPU.Build.0 = Release|Any CPU
	EndGlobalSection
	GlobalSection(SolutionProperties) = preSolution
		HideSolutionNode = FALSE
	EndGlobalSection
	GlobalSection(ExtensibilityGlobals) = postSolution
		SolutionGuid = {B445E66C-039C-40AF-80AE-015317E9848B}
	EndGlobalSection
EndGlobal
